
Microsoft Visual Studio Solution File, Format Version 12.00
# Visual Studio 14
VisualStudioVersion = 14.0.25420.1
MinimumVisualStudioVersion = 10.0.40219.1
Project("{FAE04EC0-301F-11D3-BF4B-00C04F79EFBC}") = "EDMCOverlay", "EDMCOverlay\EDMCOverlay.csproj", "{D40A6FD4-664B-448E-86AA-FFA5E9255991}"
EndProject
Project("{54435603-DBB4-11D2-8724-00A0C9A8B90C}") = "Installer", "Installer\Installer.vdproj", "{7505F85D-2873-4F05-9E41-9222FA9F70B9}"
EndProject
Global
	GlobalSection(SolutionConfigurationPlatforms) = preSolution
		Debug|Any CPU = Debug|Any CPU
		Release|Any CPU = Release|Any CPU
	EndGlobalSection
	GlobalSection(ProjectConfigurationPlatforms) = postSolution
		{D40A6FD4-664B-448E-86AA-FFA5E9255991}.Debug|Any CPU.ActiveCfg = Debug|Any CPU
		{D40A6FD4-664B-448E-86AA-FFA5E9255991}.Debug|Any CPU.Build.0 = Debug|Any CPU
		{D40A6FD4-664B-448E-86AA-FFA5E9255991}.Release|Any CPU.ActiveCfg = Release|Any CPU
		{D40A6FD4-664B-448E-86AA-FFA5E9255991}.Release|Any CPU.Build.0 = Release|Any CPU
		{7505F85D-2873-4F05-9E41-9222FA9F70B9}.Debug|Any CPU.ActiveCfg = Debug
		{7505F85D-2873-4F05-9E41-9222FA9F70B9}.Release|Any CPU.ActiveCfg = Release
	EndGlobalSection
	GlobalSection(SolutionProperties) = preSolution
		HideSolutionNode = FALSE
	EndGlobalSection
EndGlobal
